PODS:
  - Flutter (1.0.0)
  - integration_test (0.0.1):
    - Flutter
  - pincrux_offerwall_plugin (0.0.3):
    - Flutter

DEPENDENCIES:
  - Flutter (from `Flutter`)
  - integration_test (from `.symlinks/plugins/integration_test/ios`)
  - pincrux_offerwall_plugin (from `.symlinks/plugins/pincrux_offerwall_plugin/ios`)

EXTERNAL SOURCES:
  Flutter:
    :path: Flutter
  integration_test:
    :path: ".symlinks/plugins/integration_test/ios"
  pincrux_offerwall_plugin:
    :path: ".symlinks/plugins/pincrux_offerwall_plugin/ios"

SPEC CHECKSUMS:
  Flutter: e0871f40cf51350855a761d2e70bf5af5b9b5de7
  integration_test: 4a889634ef21a45d28d50d622cf412dc6d9f586e
  pincrux_offerwall_plugin: b6b29bfb5e87ce57d929b443982d3f40f423460d

PODFILE CHECKSUM: e6b098b00ca8ac410ec8f9cf545894a17ad9242a

COCOAPODS: 1.16.2
