PODS:
  - Flutter (1.0.0)
  - integration_test (0.0.1):
    - Flutter
  - pincrux_offerwall_plugin (0.0.1):
    - Flutter

DEPENDENCIES:
  - Flutter (from `Flutter`)
  - integration_test (from `.symlinks/plugins/integration_test/ios`)
  - pincrux_offerwall_plugin (from `.symlinks/plugins/pincrux_offerwall_plugin/ios`)

EXTERNAL SOURCES:
  Flutter:
    :path: Flutter
  integration_test:
    :path: ".symlinks/plugins/integration_test/ios"
  pincrux_offerwall_plugin:
    :path: ".symlinks/plugins/pincrux_offerwall_plugin/ios"

SPEC CHECKSUMS:
  Flutter: e0871f40cf51350855a761d2e70bf5af5b9b5de7
  integration_test: 13825b8a9334a850581300559b8839134b124670
  pincrux_offerwall_plugin: 1c681786a678202b5f3878702c8cade5674f2822

PODFILE CHECKSUM: 819463e6a0290f5a72f145ba7cde16e8b6ef0796

COCOAPODS: 1.15.2
